// !$*UTF8*$!
{
	archiveVersion = 1;
	classes = {
	};
	objectVersion = 46;
	objects = {

/* Begin PBXBuildFile section */
		9685120B1DF6A60000F19B0C /* AppDelegate.swift in Sources */ = {isa = PBXBuildFile; fileRef = 9685120A1DF6A60000F19B0C /* AppDelegate.swift */; };
		9685120D1DF6A60000F19B0C /* ViewController.swift in Sources */ = {isa = PBXBuildFile; fileRef = 9685120C1DF6A60000F19B0C /* ViewController.swift */; };
		968512101DF6A60000F19B0C /* Main.storyboard in Resources */ = {isa = PBXBuildFile; fileRef = 9685120E1DF6A60000F19B0C /* Main.storyboard */; };
		968512121DF6A60000F19B0C /* Assets.xcassets in Resources */ = {isa = PBXBuildFile; fileRef = 968512111DF6A60000F19B0C /* Assets.xcassets */; };
		968512151DF6A60000F19B0C /* LaunchScreen.storyboard in Resources */ = {isa = PBXBuildFile; fileRef = 968512131DF6A60000F19B0C /* LaunchScreen.storyboard */; };
		9685121E1DF6A65700F19B0C /* WHYCollectionView.swift in Sources */ = {isa = PBXBuildFile; fileRef = 9685121D1DF6A65700F19B0C /* WHYCollectionView.swift */; };
/* End PBXBuildFile section */

/* Begin PBXFileReference section */
		968512071DF6A60000F19B0C /* Demo.app */ = {isa = PBXFileReference; explicitFileType = wrapper.application; includeInIndex = 0; path = Demo.app; sourceTree = BUILT_PRODUCTS_DIR; };
		9685120A1DF6A60000F19B0C /* AppDelegate.swift */ = {isa = PBXFileReference; lastKnownFileType = sourcecode.swift; path = AppDelegate.swift; sourceTree = "<group>"; };
		9685120C1DF6A60000F19B0C /* ViewController.swift */ = {isa = PBXFileReference; lastKnownFileType = sourcecode.swift; path = ViewController.swift; sourceTree = "<group>"; };
		9685120F1DF6A60000F19B0C /* Base */ = {isa = PBXFileReference; lastKnownFileType = file.storyboard; name = Base; path = Base.lproj/Main.storyboard; sourceTree = "<group>"; };
		968512111DF6A60000F19B0C /* Assets.xcassets */ = {isa = PBXFileReference; lastKnownFileType = folder.assetcatalog; path = Assets.xcassets; sourceTree = "<group>"; };
		968512141DF6A60000F19B0C /* Base */ = {isa = PBXFileReference; lastKnownFileType = file.storyboard; name = Base; path = Base.lproj/LaunchScreen.storyboard; sourceTree = "<group>"; };
		968512161DF6A60000F19B0C /* Info.plist */ = {isa = PBXFileReference; lastKnownFileType = text.plist.xml; path = Info.plist; sourceTree = "<group>"; };
		9685121D1DF6A65700F19B0C /* WHYCollectionView.swift */ = {isa = PBXFileReference; fileEncoding = 4; lastKnownFileType = sourcecode.swift; path = WHYCollectionView.swift; sourceTree = "<group>"; };
/* End PBXFileReference section */

/* Begin PBXFrameworksBuildPhase section */
		968512041DF6A60000F19B0C /* Frameworks */ = {
			isa = PBXFrameworksBuildPhase;
			buildActionMask = 2147483647;
			files = (
			);
			runOnlyForDeploymentPostprocessing = 0;
		};
/* End PBXFrameworksBuildPhase section */

/* Begin PBXGroup section */
		968511FE1DF6A60000F19B0C = {
			isa = PBXGroup;
			children = (
				968512091DF6A60000F19B0C /* Demo */,
				968512081DF6A60000F19B0C /* Products */,
			);
			sourceTree = "<group>";
		};
		968512081DF6A60000F19B0C /* Products */ = {
			isa = PBXGroup;
			children = (
				968512071DF6A60000F19B0C /* Demo.app */,
			);
			name = Products;
			sourceTree = "<group>";
		};
		968512091DF6A60000F19B0C /* Demo */ = {
			isa = PBXGroup;
			children = (
				9685121C1DF6A60B00F19B0C /* WHYCollectionView */,
				9685120A1DF6A60000F19B0C /* AppDelegate.swift */,
				9685120C1DF6A60000F19B0C /* ViewController.swift */,
				9685120E1DF6A60000F19B0C /* Main.storyboard */,
				968512111DF6A60000F19B0C /* Assets.xcassets */,
				968512131DF6A60000F19B0C /* LaunchScreen.storyboard */,
				968512161DF6A60000F19B0C /* Info.plist */,
			);
			path = Demo;
			sourceTree = "<group>";
		};
		9685121C1DF6A60B00F19B0C /* WHYCollectionView */ = {
			isa = PBXGroup;
			children = (
				9685121D1DF6A65700F19B0C /* WHYCollectionView.swift */,
			);
			path = WHYCollectionView;
			sourceTree = "<group>";
		};
/* End PBXGroup section */

/* Begin PBXNativeTarget section */
		968512061DF6A60000F19B0C /* Demo */ = {
			isa = PBXNativeTarget;
			buildConfigurationList = 968512191DF6A60000F19B0C /* Build configuration list for PBXNativeTarget "Demo" */;
			buildPhases = (
				968512031DF6A60000F19B0C /* Sources */,
				968512041DF6A60000F19B0C /* Frameworks */,
				968512051DF6A60000F19B0C /* Resources */,
			);
			buildRules = (
			);
			dependencies = (
			);
			name = Demo;
			productName = Demo;
			productReference = 968512071DF6A60000F19B0C /* Demo.app */;
			productType = "com.apple.product-type.application";
		};
/* End PBXNativeTarget section */

/* Begin PBXProject section */
		968511FF1DF6A60000F19B0C /* Project object */ = {
			isa = PBXProject;
			attributes = {
				LastSwiftUpdateCheck = 0810;
				LastUpgradeCheck = 0810;
				ORGANIZATIONNAME = wanghongyun;
				TargetAttributes = {
					968512061DF6A60000F19B0C = {
						CreatedOnToolsVersion = 8.1;
						DevelopmentTeam = X74A69AXHU;
						ProvisioningStyle = Automatic;
					};
				};
			};
			buildConfigurationList = 968512021DF6A60000F19B0C /* Build configuration list for PBXProject "Demo" */;
			compatibilityVersion = "Xcode 3.2";
			developmentRegion = English;
			hasScannedForEncodings = 0;
			knownRegions = (
				en,
				Base,
			);
			mainGroup = 968511FE1DF6A60000F19B0C;
			productRefGroup = 968512081DF6A60000F19B0C /* Products */;
			projectDirPath = "";
			projectRoot = "";
			targets = (
				968512061DF6A60000F19B0C /* Demo */,
			);
		};
/* End PBXProject section */

/* Begin PBXResourcesBuildPhase section */
		968512051DF6A60000F19B0C /* Resources */ = {
			isa = PBXResourcesBuildPhase;
			buildActionMask = 2147483647;
			files = (
				968512151DF6A60000F19B0C /* LaunchScreen.storyboard in Resources */,
				968512121DF6A60000F19B0C /* Assets.xcassets in Resources */,
				968512101DF6A60000F19B0C /* Main.storyboard in Resources */,
			);
			runOnlyForDeploymentPostprocessing = 0;
		};
/* End PBXResourcesBuildPhase section */

/* Begin PBXSourcesBuildPhase section */
		968512031DF6A60000F19B0C /* Sources */ = {
			isa = PBXSourcesBuildPhase;
			buildActionMask = 2147483647;
			files = (
				9685120D1DF6A60000F19B0C /* ViewController.swift in Sources */,
				9685120B1DF6A60000F19B0C /* AppDelegate.swift in Sources */,
				9685121E1DF6A65700F19B0C /* WHYCollectionView.swift in Sources */,
			);
			runOnlyForDeploymentPostprocessing = 0;
		};
/* End PBXSourcesBuildPhase section */

/* Begin PBXVariantGroup section */
		9685120E1DF6A60000F19B0C /* Main.storyboard */ = {
			isa = PBXVariantGroup;
			children = (
				9685120F1DF6A60000F19B0C /* Base */,
			);
			name = Main.storyboard;
			sourceTree = "<group>";
		};
		968512131DF6A60000F19B0C /* LaunchScreen.storyboard */ = {
			isa = PBXVariantGroup;
			children = (
				968512141DF6A60000F19B0C /* Base */,
			);
			name = LaunchScreen.storyboard;
			sourceTree = "<group>";
		};
/* End PBXVariantGroup section */

/* Begin XCBuildConfiguration section */
		968512171DF6A60000F19B0C /* Debug */ = {
			isa = XCBuildConfiguration;
			buildSettings = {
				ALWAYS_SEARCH_USER_PATHS = NO;
				CLANG_ANALYZER_NONNULL = YES;
				CLANG_CXX_LANGUAGE_STANDARD = "gnu++0x";
				CLANG_CXX_LIBRARY = "libc++";
				CLANG_ENABLE_MODULES = YES;
				CLANG_ENABLE_OBJC_ARC = YES;
				CLANG_WARN_BOOL_CONVERSION = YES;
				CLANG_WARN_CONSTANT_CONVERSION = YES;
				CLANG_WARN_DIRECT_OBJC_ISA_USAGE = YES_ERROR;
				CLANG_WARN_DOCUMENTATION_COMMENTS = YES;
				CLANG_WARN_EMPTY_BODY = YES;
				CLANG_WARN_ENUM_CONVERSION = YES;
				CLANG_WARN_INFINITE_RECURSION = YES;
				CLANG_WARN_INT_CONVERSION = YES;
				CLANG_WARN_OBJC_ROOT_CLASS = YES_ERROR;
				CLANG_WARN_SUSPICIOUS_MOVES = YES;
				CLANG_WARN_UNREACHABLE_CODE = YES;
				CLANG_WARN__DUPLICATE_METHOD_MATCH = YES;
				"CODE_SIGN_IDENTITY[sdk=iphoneos*]" = "iPhone Developer";
				COPY_PHASE_STRIP = NO;
				DEBUG_INFORMATION_FORMAT = dwarf;
				ENABLE_STRICT_OBJC_MSGSEND = YES;
				ENABLE_TESTABILITY = YES;
				GCC_C_LANGUAGE_STANDARD = gnu99;
				GCC_DYNAMIC_NO_PIC = NO;
				GCC_NO_COMMON_BLOCKS = YES;
				GCC_OPTIMIZATION_LEVEL = 0;
				GCC_PREPROCESSOR_DEFINITIONS = (
					"DEBUG=1",
					"$(inherited)",
				);
				GCC_WARN_64_TO_32_BIT_CONVERSION = YES;
				GCC_WARN_ABOUT_RETURN_TYPE = YES_ERROR;
				GCC_WARN_UNDECLARED_SELECTOR = YES;
				GCC_WARN_UNINITIALIZED_AUTOS = YES_AGGRESSIVE;
				GCC_WARN_UNUSED_FUNCTION = YES;
				GCC_WARN_UNUSED_VARIABLE = YES;
				IPHONEOS_DEPLOYMENT_TARGET = 10.1;
				MTL_ENABLE_DEBUG_INFO = YES;
				ONLY_ACTIVE_ARCH = YES;
				SDKROOT = iphoneos;
				SWIFT_ACTIVE_COMPILATION_CONDITIONS = DEBUG;
				SWIFT_OPTIMIZATION_LEVEL = "-Onone";
			};
			name = Debug;
		};
		968512181DF6A60000F19B0C /* Release */ = {
			isa = XCBuildConfiguration;
			buildSettings = {
				ALWAYS_SEARCH_USER_PATHS = NO;
				CLANG_ANALYZER_NONNULL = YES;
				CLANG_CXX_LANGUAGE_STANDARD = "gnu++0x";
				CLANG_CXX_LIBRARY = "libc++";
				CLANG_ENABLE_MODULES = YES;
				CLANG_ENABLE_OBJC_ARC = YES;
				CLANG_WARN_BOOL_CONVERSION = YES;
				CLANG_WARN_CONSTANT_CONVERSION = YES;
				CLANG_WARN_DIRECT_OBJC_ISA_USAGE = YES_ERROR;
				CLANG_WARN_DOCUMENTATION_COMMENTS = YES;
				CLANG_WARN_EMPTY_BODY = YES;
				CLANG_WARN_ENUM_CONVERSION = YES;
				CLANG_WARN_INFINITE_RECURSION = YES;
				CLANG_WARN_INT_CONVERSION = YES;
				CLANG_WARN_OBJC_ROOT_CLASS = YES_ERROR;
				CLANG_WARN_SUSPICIOUS_MOVES = YES;
				CLANG_WARN_UNREACHABLE_CODE = YES;
				CLANG_WARN__DUPLICATE_METHOD_MATCH = YES;
				"CODE_SIGN_IDENTITY[sdk=iphoneos*]" = "iPhone Developer";
				COPY_PHASE_STRIP = NO;
				DEBUG_INFORMATION_FORMAT = "dwarf-with-dsym";
				ENABLE_NS_ASSERTIONS = NO;
				ENABLE_STRICT_OBJC_MSGSEND = YES;
				GCC_C_LANGUAGE_STANDARD = gnu99;
				GCC_NO_COMMON_BLOCKS = YES;
				GCC_WARN_64_TO_32_BIT_CONVERSION = YES;
				GCC_WARN_ABOUT_RETURN_TYPE = YES_ERROR;
				GCC_WARN_UNDECLARED_SELECTOR = YES;
				GCC_WARN_UNINITIALIZED_AUTOS = YES_AGGRESSIVE;
				GCC_WARN_UNUSED_FUNCTION = YES;
				GCC_WARN_UNUSED_VARIABLE = YES;
				IPHONEOS_DEPLOYMENT_TARGET = 10.1;
				MTL_ENABLE_DEBUG_INFO = NO;
				SDKROOT = iphoneos;
				SWIFT_OPTIMIZATION_LEVEL = "-Owholemodule";
				VALIDATE_PRODUCT = YES;
			};
			name = Release;
		};
		9685121A1DF6A60000F19B0C /* Debug */ = {
			isa = XCBuildConfiguration;
			buildSettings = {
				ASSETCATALOG_COMPILER_APPICON_NAME = AppIcon;
				DEVELOPMENT_TEAM = X74A69AXHU;
				INFOPLIST_FILE = Demo/Info.plist;
				IPHONEOS_DEPLOYMENT_TARGET = 10.0;
				LD_RUNPATH_SEARCH_PATHS = "$(inherited) @executable_path/Frameworks";
				PRODUCT_BUNDLE_IDENTIFIER = com.why.Demo9;
				PRODUCT_NAME = "$(TARGET_NAME)";
				SWIFT_VERSION = 3.0;
			};
			name = Debug;
		};
		9685121B1DF6A60000F19B0C /* Release */ = {
			isa = XCBuildConfiguration;
			buildSettings = {
				ASSETCATALOG_COMPILER_APPICON_NAME = AppIcon;
				DEVELOPMENT_TEAM = X74A69AXHU;
				INFOPLIST_FILE = Demo/Info.plist;
				IPHONEOS_DEPLOYMENT_TARGET = 10.0;
				LD_RUNPATH_SEARCH_PATHS = "$(inherited) @executable_path/Frameworks";
				PRODUCT_BUNDLE_IDENTIFIER = com.why.Demo9;
				PRODUCT_NAME = "$(TARGET_NAME)";
				SWIFT_VERSION = 3.0;
			};
			name = Release;
		};
/* End XCBuildConfiguration section */

/* Begin XCConfigurationList section */
		968512021DF6A60000F19B0C /* Build configuration list for PBXProject "Demo" */ = {
			isa = XCConfigurationList;
			buildConfigurations = (
				968512171DF6A60000F19B0C /* Debug */,
				968512181DF6A60000F19B0C /* Release */,
			);
			defaultConfigurationIsVisible = 0;
			defaultConfigurationName = Release;
		};
		968512191DF6A60000F19B0C /* Build configuration list for PBXNativeTarget "Demo" */ = {
			isa = XCConfigurationList;
			buildConfigurations = (
				9685121A1DF6A60000F19B0C /* Debug */,
				9685121B1DF6A60000F19B0C /* Release */,
			);
			defaultConfigurationIsVisible = 0;
			defaultConfigurationName = Release;
		};
/* End XCConfigurationList section */
	};
	rootObject = 968511FF1DF6A60000F19B0C /* Project object */;
}
